
Microsoft Visual Studio Solution File, Format Version 12.00
# Visual Studio Version 17
VisualStudioVersion = 17.6.33723.286
MinimumVisualStudioVersion = 10.0.40219.1
Project("{FAE04EC0-301F-11D3-BF4B-00C04F79EFBC}") = "FirstDemoClass", "FirstDemoClass\FirstDemoClass.csproj", "{7C6677C1-2BCE-498C-800C-AF5EE51CE3D8}"
EndProject
Global
	GlobalSection(SolutionConfigurationPlatforms) = preSolution
		Debug|Any CPU = Debug|Any CPU
		Release|Any CPU = Release|Any CPU
	EndGlobalSection
	GlobalSection(ProjectConfigurationPlatforms) = postSolution
		{7C6677C1-2BCE-498C-800C-AF5EE51CE3D8}.Debug|Any CPU.ActiveCfg = Debug|Any CPU
		{7C6677C1-2BCE-498C-800C-AF5EE51CE3D8}.Debug|Any CPU.Build.0 = Debug|Any CPU
		{7C6677C1-2BCE-498C-800C-AF5EE51CE3D8}.Release|Any CPU.ActiveCfg = Release|Any CPU
		{7C6677C1-2BCE-498C-800C-AF5EE51CE3D8}.Release|Any CPU.Build.0 = Release|Any CPU
	EndGlobalSection
	GlobalSection(SolutionProperties) = preSolution
		HideSolutionNode = FALSE
	EndGlobalSection
	GlobalSection(ExtensibilityGlobals) = postSolution
		SolutionGuid = {DD6B015E-039D-4FF6-86C9-21D8904C081D}
	EndGlobalSection
EndGlobal
